
Microsoft Visual Studio Solution File, Format Version 12.00
# Visual Studio Version 16
VisualStudioVersion = 16.0.32106.194
MinimumVisualStudioVersion = 10.0.40219.1
Project("{888888A0-9F3D-457C-B088-3A5042F75D52}") = "Bid Bee", "Bid Bee.pyproj", "{425014C7-A851-4D0A-9A58-EE4A5774CFF4}"
EndProject
Global
	GlobalSection(SolutionConfigurationPlatforms) = preSolution
		Debug|Any CPU = Debug|Any CPU
		Release|Any CPU = Release|Any CPU
	EndGlobalSection
	GlobalSection(ProjectConfigurationPlatforms) = postSolution
		{425014C7-A851-4D0A-9A58-EE4A5774CFF4}.Debug|Any CPU.ActiveCfg = Debug|Any CPU
		{425014C7-A851-4D0A-9A58-EE4A5774CFF4}.Debug|Any CPU.Build.0 = Debug|Any CPU
		{425014C7-A851-4D0A-9A58-EE4A5774CFF4}.Release|Any CPU.ActiveCfg = Release|Any CPU
		{425014C7-A851-4D0A-9A58-EE4A5774CFF4}.Release|Any CPU.Build.0 = Release|Any CPU
	EndGlobalSection
	GlobalSection(SolutionProperties) = preSolution
		HideSolutionNode = FALSE
	EndGlobalSection
	GlobalSection(ExtensibilityGlobals) = postSolution
		SolutionGuid = {C839C8D5-527A-470F-9ED6-CE98381C3C37}
	EndGlobalSection
EndGlobal
